// !$*UTF8*$!
{
	archiveVersion = 1;
	classes = {
	};
	objectVersion = 50;
	objects = {

/* Begin PBXBuildFile section */
		C631C1C324D1D20A00CDB8D8 /* AppDelegate.swift in Sources */ = {isa = PBXBuildFile; fileRef = C631C1C224D1D20A00CDB8D8 /* AppDelegate.swift */; };
		C631C1C524D1D20A00CDB8D8 /* SceneDelegate.swift in Sources */ = {isa = PBXBuildFile; fileRef = C631C1C424D1D20A00CDB8D8 /* SceneDelegate.swift */; };
		C631C1C724D1D20A00CDB8D8 /* ContentView.swift in Sources */ = {isa = PBXBuildFile; fileRef = C631C1C624D1D20A00CDB8D8 /* ContentView.swift */; };
		C631C1C924D1D20C00CDB8D8 /* Assets.xcassets in Resources */ = {isa = PBXBuildFile; fileRef = C631C1C824D1D20C00CDB8D8 /* Assets.xcassets */; };
		C631C1CC24D1D20C00CDB8D8 /* Preview Assets.xcassets in Resources */ = {isa = PBXBuildFile; fileRef = C631C1CB24D1D20C00CDB8D8 /* Preview Assets.xcassets */; };
		C631C1CF24D1D20C00CDB8D8 /* LaunchScreen.storyboard in Resources */ = {isa = PBXBuildFile; fileRef = C631C1CD24D1D20C00CDB8D8 /* LaunchScreen.storyboard */; };
		C631C1DA24D1D3BE00CDB8D8 /* Menu.swift in Sources */ = {isa = PBXBuildFile; fileRef = C631C1D624D1D3BE00CDB8D8 /* Menu.swift */; };
		C631C1DB24D1D3BE00CDB8D8 /* menu.json in Resources */ = {isa = PBXBuildFile; fileRef = C631C1D724D1D3BE00CDB8D8 /* menu.json */; };
		C631C1DC24D1D3BE00CDB8D8 /* Order.swift in Sources */ = {isa = PBXBuildFile; fileRef = C631C1D824D1D3BE00CDB8D8 /* Order.swift */; };
		C631C1DD24D1D3BE00CDB8D8 /* Helper.swift in Sources */ = {isa = PBXBuildFile; fileRef = C631C1D924D1D3BE00CDB8D8 /* Helper.swift */; };
		C68A45FF24D3251800467A95 /* ItemRow.swift in Sources */ = {isa = PBXBuildFile; fileRef = C68A45FE24D3251800467A95 /* ItemRow.swift */; };
		C6B09DD024D4825600471797 /* ItemDetails.swift in Sources */ = {isa = PBXBuildFile; fileRef = C6B09DCF24D4825600471797 /* ItemDetails.swift */; };
/* End PBXBuildFile section */

/* Begin PBXFileReference section */
		C631C1BF24D1D20A00CDB8D8 /* Restaurant.app */ = {isa = PBXFileReference; explicitFileType = wrapper.application; includeInIndex = 0; path = Restaurant.app; sourceTree = BUILT_PRODUCTS_DIR; };
		C631C1C224D1D20A00CDB8D8 /* AppDelegate.swift */ = {isa = PBXFileReference; lastKnownFileType = sourcecode.swift; path = AppDelegate.swift; sourceTree = "<group>"; };
		C631C1C424D1D20A00CDB8D8 /* SceneDelegate.swift */ = {isa = PBXFileReference; lastKnownFileType = sourcecode.swift; path = SceneDelegate.swift; sourceTree = "<group>"; };
		C631C1C624D1D20A00CDB8D8 /* ContentView.swift */ = {isa = PBXFileReference; lastKnownFileType = sourcecode.swift; path = ContentView.swift; sourceTree = "<group>"; };
		C631C1C824D1D20C00CDB8D8 /* Assets.xcassets */ = {isa = PBXFileReference; lastKnownFileType = folder.assetcatalog; path = Assets.xcassets; sourceTree = "<group>"; };
		C631C1CB24D1D20C00CDB8D8 /* Preview Assets.xcassets */ = {isa = PBXFileReference; lastKnownFileType = folder.assetcatalog; path = "Preview Assets.xcassets"; sourceTree = "<group>"; };
		C631C1CE24D1D20C00CDB8D8 /* Base */ = {isa = PBXFileReference; lastKnownFileType = file.storyboard; name = Base; path = Base.lproj/LaunchScreen.storyboard; sourceTree = "<group>"; };
		C631C1D024D1D20C00CDB8D8 /* Info.plist */ = {isa = PBXFileReference; lastKnownFileType = text.plist.xml; path = Info.plist; sourceTree = "<group>"; };
		C631C1D624D1D3BE00CDB8D8 /* Menu.swift */ = {isa = PBXFileReference; fileEncoding = 4; lastKnownFileType = sourcecode.swift; path = Menu.swift; sourceTree = "<group>"; };
		C631C1D724D1D3BE00CDB8D8 /* menu.json */ = {isa = PBXFileReference; fileEncoding = 4; lastKnownFileType = text.json; path = menu.json; sourceTree = "<group>"; };
		C631C1D824D1D3BE00CDB8D8 /* Order.swift */ = {isa = PBXFileReference; fileEncoding = 4; lastKnownFileType = sourcecode.swift; path = Order.swift; sourceTree = "<group>"; };
		C631C1D924D1D3BE00CDB8D8 /* Helper.swift */ = {isa = PBXFileReference; fileEncoding = 4; lastKnownFileType = sourcecode.swift; path = Helper.swift; sourceTree = "<group>"; };
		C68A45FE24D3251800467A95 /* ItemRow.swift */ = {isa = PBXFileReference; lastKnownFileType = sourcecode.swift; path = ItemRow.swift; sourceTree = "<group>"; };
		C6B09DCF24D4825600471797 /* ItemDetails.swift */ = {isa = PBXFileReference; lastKnownFileType = sourcecode.swift; path = ItemDetails.swift; sourceTree = "<group>"; };
/* End PBXFileReference section */

/* Begin PBXFrameworksBuildPhase section */
		C631C1BC24D1D20A00CDB8D8 /* Frameworks */ = {
			isa = PBXFrameworksBuildPhase;
			buildActionMask = 2147483647;
			files = (
			);
			runOnlyForDeploymentPostprocessing = 0;
		};
/* End PBXFrameworksBuildPhase section */

/* Begin PBXGroup section */
		C631C1B624D1D20A00CDB8D8 = {
			isa = PBXGroup;
			children = (
				C631C1C124D1D20A00CDB8D8 /* Restaurant */,
				C631C1C024D1D20A00CDB8D8 /* Products */,
			);
			sourceTree = "<group>";
		};
		C631C1C024D1D20A00CDB8D8 /* Products */ = {
			isa = PBXGroup;
			children = (
				C631C1BF24D1D20A00CDB8D8 /* Restaurant.app */,
			);
			name = Products;
			sourceTree = "<group>";
		};
		C631C1C124D1D20A00CDB8D8 /* Restaurant */ = {
			isa = PBXGroup;
			children = (
				C631C1D924D1D3BE00CDB8D8 /* Helper.swift */,
				C631C1D724D1D3BE00CDB8D8 /* menu.json */,
				C631C1D624D1D3BE00CDB8D8 /* Menu.swift */,
				C631C1D824D1D3BE00CDB8D8 /* Order.swift */,
				C631C1C224D1D20A00CDB8D8 /* AppDelegate.swift */,
				C631C1C424D1D20A00CDB8D8 /* SceneDelegate.swift */,
				C631C1C624D1D20A00CDB8D8 /* ContentView.swift */,
				C68A45FE24D3251800467A95 /* ItemRow.swift */,
				C6B09DCF24D4825600471797 /* ItemDetails.swift */,
				C631C1C824D1D20C00CDB8D8 /* Assets.xcassets */,
				C631C1CD24D1D20C00CDB8D8 /* LaunchScreen.storyboard */,
				C631C1D024D1D20C00CDB8D8 /* Info.plist */,
				C631C1CA24D1D20C00CDB8D8 /* Preview Content */,
			);
			path = Restaurant;
			sourceTree = "<group>";
		};
		C631C1CA24D1D20C00CDB8D8 /* Preview Content */ = {
			isa = PBXGroup;
			children = (
				C631C1CB24D1D20C00CDB8D8 /* Preview Assets.xcassets */,
			);
			path = "Preview Content";
			sourceTree = "<group>";
		};
/* End PBXGroup section */

/* Begin PBXNativeTarget section */
		C631C1BE24D1D20A00CDB8D8 /* Restaurant */ = {
			isa = PBXNativeTarget;
			buildConfigurationList = C631C1D324D1D20C00CDB8D8 /* Build configuration list for PBXNativeTarget "Restaurant" */;
			buildPhases = (
				C631C1BB24D1D20A00CDB8D8 /* Sources */,
				C631C1BC24D1D20A00CDB8D8 /* Frameworks */,
				C631C1BD24D1D20A00CDB8D8 /* Resources */,
			);
			buildRules = (
			);
			dependencies = (
			);
			name = Restaurant;
			productName = Restaurant;
			productReference = C631C1BF24D1D20A00CDB8D8 /* Restaurant.app */;
			productType = "com.apple.product-type.application";
		};
/* End PBXNativeTarget section */

/* Begin PBXProject section */
		C631C1B724D1D20A00CDB8D8 /* Project object */ = {
			isa = PBXProject;
			attributes = {
				LastSwiftUpdateCheck = 1130;
				LastUpgradeCheck = 1130;
				ORGANIZATIONNAME = "Ratnesh Shukla";
				TargetAttributes = {
					C631C1BE24D1D20A00CDB8D8 = {
						CreatedOnToolsVersion = 11.3.1;
					};
				};
			};
			buildConfigurationList = C631C1BA24D1D20A00CDB8D8 /* Build configuration list for PBXProject "Restaurant" */;
			compatibilityVersion = "Xcode 9.3";
			developmentRegion = en;
			hasScannedForEncodings = 0;
			knownRegions = (
				en,
				Base,
			);
			mainGroup = C631C1B624D1D20A00CDB8D8;
			productRefGroup = C631C1C024D1D20A00CDB8D8 /* Products */;
			projectDirPath = "";
			projectRoot = "";
			targets = (
				C631C1BE24D1D20A00CDB8D8 /* Restaurant */,
			);
		};
/* End PBXProject section */

/* Begin PBXResourcesBuildPhase section */
		C631C1BD24D1D20A00CDB8D8 /* Resources */ = {
			isa = PBXResourcesBuildPhase;
			buildActionMask = 2147483647;
			files = (
				C631C1CF24D1D20C00CDB8D8 /* LaunchScreen.storyboard in Resources */,
				C631C1CC24D1D20C00CDB8D8 /* Preview Assets.xcassets in Resources */,
				C631C1DB24D1D3BE00CDB8D8 /* menu.json in Resources */,
				C631C1C924D1D20C00CDB8D8 /* Assets.xcassets in Resources */,
			);
			runOnlyForDeploymentPostprocessing = 0;
		};
/* End PBXResourcesBuildPhase section */

/* Begin PBXSourcesBuildPhase section */
		C631C1BB24D1D20A00CDB8D8 /* Sources */ = {
			isa = PBXSourcesBuildPhase;
			buildActionMask = 2147483647;
			files = (
				C631C1C324D1D20A00CDB8D8 /* AppDelegate.swift in Sources */,
				C6B09DD024D4825600471797 /* ItemDetails.swift in Sources */,
				C631C1C524D1D20A00CDB8D8 /* SceneDelegate.swift in Sources */,
				C631C1DC24D1D3BE00CDB8D8 /* Order.swift in Sources */,
				C68A45FF24D3251800467A95 /* ItemRow.swift in Sources */,
				C631C1DA24D1D3BE00CDB8D8 /* Menu.swift in Sources */,
				C631C1C724D1D20A00CDB8D8 /* ContentView.swift in Sources */,
				C631C1DD24D1D3BE00CDB8D8 /* Helper.swift in Sources */,
			);
			runOnlyForDeploymentPostprocessing = 0;
		};
/* End PBXSourcesBuildPhase section */

/* Begin PBXVariantGroup section */
		C631C1CD24D1D20C00CDB8D8 /* LaunchScreen.storyboard */ = {
			isa = PBXVariantGroup;
			children = (
				C631C1CE24D1D20C00CDB8D8 /* Base */,
			);
			name = LaunchScreen.storyboard;
			sourceTree = "<group>";
		};
/* End PBXVariantGroup section */

/* Begin XCBuildConfiguration section */
		C631C1D124D1D20C00CDB8D8 /* Debug */ = {
			isa = XCBuildConfiguration;
			buildSettings = {
				ALWAYS_SEARCH_USER_PATHS = NO;
				CLANG_ANALYZER_NONNULL = YES;
				CLANG_ANALYZER_NUMBER_OBJECT_CONVERSION = YES_AGGRESSIVE;
				CLANG_CXX_LANGUAGE_STANDARD = "gnu++14";
				CLANG_CXX_LIBRARY = "libc++";
				CLANG_ENABLE_MODULES = YES;
				CLANG_ENABLE_OBJC_ARC = YES;
				CLANG_ENABLE_OBJC_WEAK = YES;
				CLANG_WARN_BLOCK_CAPTURE_AUTORELEASING = YES;
				CLANG_WARN_BOOL_CONVERSION = YES;
				CLANG_WARN_COMMA = YES;
				CLANG_WARN_CONSTANT_CONVERSION = YES;
				CLANG_WARN_DEPRECATED_OBJC_IMPLEMENTATIONS = YES;
				CLANG_WARN_DIRECT_OBJC_ISA_USAGE = YES_ERROR;
				CLANG_WARN_DOCUMENTATION_COMMENTS = YES;
				CLANG_WARN_EMPTY_BODY = YES;
				CLANG_WARN_ENUM_CONVERSION = YES;
				CLANG_WARN_INFINITE_RECURSION = YES;
				CLANG_WARN_INT_CONVERSION = YES;
				CLANG_WARN_NON_LITERAL_NULL_CONVERSION = YES;
				CLANG_WARN_OBJC_IMPLICIT_RETAIN_SELF = YES;
				CLANG_WARN_OBJC_LITERAL_CONVERSION = YES;
				CLANG_WARN_OBJC_ROOT_CLASS = YES_ERROR;
				CLANG_WARN_RANGE_LOOP_ANALYSIS = YES;
				CLANG_WARN_STRICT_PROTOTYPES = YES;
				CLANG_WARN_SUSPICIOUS_MOVE = YES;
				CLANG_WARN_UNGUARDED_AVAILABILITY = YES_AGGRESSIVE;
				CLANG_WARN_UNREACHABLE_CODE = YES;
				CLANG_WARN__DUPLICATE_METHOD_MATCH = YES;
				COPY_PHASE_STRIP = NO;
				DEBUG_INFORMATION_FORMAT = dwarf;
				ENABLE_STRICT_OBJC_MSGSEND = YES;
				ENABLE_TESTABILITY = YES;
				GCC_C_LANGUAGE_STANDARD = gnu11;
				GCC_DYNAMIC_NO_PIC = NO;
				GCC_NO_COMMON_BLOCKS = YES;
				GCC_OPTIMIZATION_LEVEL = 0;
				GCC_PREPROCESSOR_DEFINITIONS = (
					"DEBUG=1",
					"$(inherited)",
				);
				GCC_WARN_64_TO_32_BIT_CONVERSION = YES;
				GCC_WARN_ABOUT_RETURN_TYPE = YES_ERROR;
				GCC_WARN_UNDECLARED_SELECTOR = YES;
				GCC_WARN_UNINITIALIZED_AUTOS = YES_AGGRESSIVE;
				GCC_WARN_UNUSED_FUNCTION = YES;
				GCC_WARN_UNUSED_VARIABLE = YES;
				IPHONEOS_DEPLOYMENT_TARGET = 13.2;
				MTL_ENABLE_DEBUG_INFO = INCLUDE_SOURCE;
				MTL_FAST_MATH = YES;
				ONLY_ACTIVE_ARCH = YES;
				SDKROOT = iphoneos;
				SWIFT_ACTIVE_COMPILATION_CONDITIONS = DEBUG;
				SWIFT_OPTIMIZATION_LEVEL = "-Onone";
			};
			name = Debug;
		};
		C631C1D224D1D20C00CDB8D8 /* Release */ = {
			isa = XCBuildConfiguration;
			buildSettings = {
				ALWAYS_SEARCH_USER_PATHS = NO;
				CLANG_ANALYZER_NONNULL = YES;
				CLANG_ANALYZER_NUMBER_OBJECT_CONVERSION = YES_AGGRESSIVE;
				CLANG_CXX_LANGUAGE_STANDARD = "gnu++14";
				CLANG_CXX_LIBRARY = "libc++";
				CLANG_ENABLE_MODULES = YES;
				CLANG_ENABLE_OBJC_ARC = YES;
				CLANG_ENABLE_OBJC_WEAK = YES;
				CLANG_WARN_BLOCK_CAPTURE_AUTORELEASING = YES;
				CLANG_WARN_BOOL_CONVERSION = YES;
				CLANG_WARN_COMMA = YES;
				CLANG_WARN_CONSTANT_CONVERSION = YES;
				CLANG_WARN_DEPRECATED_OBJC_IMPLEMENTATIONS = YES;
				CLANG_WARN_DIRECT_OBJC_ISA_USAGE = YES_ERROR;
				CLANG_WARN_DOCUMENTATION_COMMENTS = YES;
				CLANG_WARN_EMPTY_BODY = YES;
				CLANG_WARN_ENUM_CONVERSION = YES;
				CLANG_WARN_INFINITE_RECURSION = YES;
				CLANG_WARN_INT_CONVERSION = YES;
				CLANG_WARN_NON_LITERAL_NULL_CONVERSION = YES;
				CLANG_WARN_OBJC_IMPLICIT_RETAIN_SELF = YES;
				CLANG_WARN_OBJC_LITERAL_CONVERSION = YES;
				CLANG_WARN_OBJC_ROOT_CLASS = YES_ERROR;
				CLANG_WARN_RANGE_LOOP_ANALYSIS = YES;
				CLANG_WARN_STRICT_PROTOTYPES = YES;
				CLANG_WARN_SUSPICIOUS_MOVE = YES;
				CLANG_WARN_UNGUARDED_AVAILABILITY = YES_AGGRESSIVE;
				CLANG_WARN_UNREACHABLE_CODE = YES;
				CLANG_WARN__DUPLICATE_METHOD_MATCH = YES;
				COPY_PHASE_STRIP = NO;
				DEBUG_INFORMATION_FORMAT = "dwarf-with-dsym";
				ENABLE_NS_ASSERTIONS = NO;
				ENABLE_STRICT_OBJC_MSGSEND = YES;
				GCC_C_LANGUAGE_STANDARD = gnu11;
				GCC_NO_COMMON_BLOCKS = YES;
				GCC_WARN_64_TO_32_BIT_CONVERSION = YES;
				GCC_WARN_ABOUT_RETURN_TYPE = YES_ERROR;
				GCC_WARN_UNDECLARED_SELECTOR = YES;
				GCC_WARN_UNINITIALIZED_AUTOS = YES_AGGRESSIVE;
				GCC_WARN_UNUSED_FUNCTION = YES;
				GCC_WARN_UNUSED_VARIABLE = YES;
				IPHONEOS_DEPLOYMENT_TARGET = 13.2;
				MTL_ENABLE_DEBUG_INFO = NO;
				MTL_FAST_MATH = YES;
				SDKROOT = iphoneos;
				SWIFT_COMPILATION_MODE = wholemodule;
				SWIFT_OPTIMIZATION_LEVEL = "-O";
				VALIDATE_PRODUCT = YES;
			};
			name = Release;
		};
		C631C1D424D1D20C00CDB8D8 /* Debug */ = {
			isa = XCBuildConfiguration;
			buildSettings = {
				ASSETCATALOG_COMPILER_APPICON_NAME = AppIcon;
				CODE_SIGN_STYLE = Automatic;
				DEVELOPMENT_ASSET_PATHS = "\"Restaurant/Preview Content\"";
				ENABLE_PREVIEWS = YES;
				INFOPLIST_FILE = Restaurant/Info.plist;
				LD_RUNPATH_SEARCH_PATHS = (
					"$(inherited)",
					"@executable_path/Frameworks",
				);
				PRODUCT_BUNDLE_IDENTIFIER = com.test.Restaurant;
				PRODUCT_NAME = "$(TARGET_NAME)";
				SWIFT_VERSION = 5.0;
				TARGETED_DEVICE_FAMILY = "1,2";
			};
			name = Debug;
		};
		C631C1D524D1D20C00CDB8D8 /* Release */ = {
			isa = XCBuildConfiguration;
			buildSettings = {
				ASSETCATALOG_COMPILER_APPICON_NAME = AppIcon;
				CODE_SIGN_STYLE = Automatic;
				DEVELOPMENT_ASSET_PATHS = "\"Restaurant/Preview Content\"";
				ENABLE_PREVIEWS = YES;
				INFOPLIST_FILE = Restaurant/Info.plist;
				LD_RUNPATH_SEARCH_PATHS = (
					"$(inherited)",
					"@executable_path/Frameworks",
				);
				PRODUCT_BUNDLE_IDENTIFIER = com.test.Restaurant;
				PRODUCT_NAME = "$(TARGET_NAME)";
				SWIFT_VERSION = 5.0;
				TARGETED_DEVICE_FAMILY = "1,2";
			};
			name = Release;
		};
/* End XCBuildConfiguration section */

/* Begin XCConfigurationList section */
		C631C1BA24D1D20A00CDB8D8 /* Build configuration list for PBXProject "Restaurant" */ = {
			isa = XCConfigurationList;
			buildConfigurations = (
				C631C1D124D1D20C00CDB8D8 /* Debug */,
				C631C1D224D1D20C00CDB8D8 /* Release */,
			);
			defaultConfigurationIsVisible = 0;
			defaultConfigurationName = Release;
		};
		C631C1D324D1D20C00CDB8D8 /* Build configuration list for PBXNativeTarget "Restaurant" */ = {
			isa = XCConfigurationList;
			buildConfigurations = (
				C631C1D424D1D20C00CDB8D8 /* Debug */,
				C631C1D524D1D20C00CDB8D8 /* Release */,
			);
			defaultConfigurationIsVisible = 0;
			defaultConfigurationName = Release;
		};
/* End XCConfigurationList section */
	};
	rootObject = C631C1B724D1D20A00CDB8D8 /* Project object */;
}
