// !$*UTF8*$!
{
	archiveVersion = 1;
	classes = {
	};
	objectVersion = 50;
	objects = {

/* Begin PBXBuildFile section */
		C60DA3D624E434C900DB3811 /* AppDelegate.swift in Sources */ = {isa = PBXBuildFile; fileRef = C60DA3D524E434C900DB3811 /* AppDelegate.swift */; };
		C60DA3D824E434C900DB3811 /* SceneDelegate.swift in Sources */ = {isa = PBXBuildFile; fileRef = C60DA3D724E434C900DB3811 /* SceneDelegate.swift */; };
		C60DA3DA24E434C900DB3811 /* ContentView.swift in Sources */ = {isa = PBXBuildFile; fileRef = C60DA3D924E434C900DB3811 /* ContentView.swift */; };
		C60DA3DC24E434CA00DB3811 /* Assets.xcassets in Resources */ = {isa = PBXBuildFile; fileRef = C60DA3DB24E434CA00DB3811 /* Assets.xcassets */; };
		C60DA3DF24E434CA00DB3811 /* Preview Assets.xcassets in Resources */ = {isa = PBXBuildFile; fileRef = C60DA3DE24E434CA00DB3811 /* Preview Assets.xcassets */; };
		C60DA3E224E434CA00DB3811 /* LaunchScreen.storyboard in Resources */ = {isa = PBXBuildFile; fileRef = C60DA3E024E434CA00DB3811 /* LaunchScreen.storyboard */; };
		C60DA3EB24E4367100DB3811 /* WeatherModel.swift in Sources */ = {isa = PBXBuildFile; fileRef = C60DA3EA24E4367100DB3811 /* WeatherModel.swift */; };
		C60DA3ED24E436D800DB3811 /* WeatherViewModel.swift in Sources */ = {isa = PBXBuildFile; fileRef = C60DA3EC24E436D800DB3811 /* WeatherViewModel.swift */; };
		C60DA3F024E4379400DB3811 /* WeatherService.swift in Sources */ = {isa = PBXBuildFile; fileRef = C60DA3EF24E4379400DB3811 /* WeatherService.swift */; };
		C60DA3F224E43C5900DB3811 /* WeatherView.swift in Sources */ = {isa = PBXBuildFile; fileRef = C60DA3F124E43C5900DB3811 /* WeatherView.swift */; };
/* End PBXBuildFile section */

/* Begin PBXFileReference section */
		C60DA3D224E434C900DB3811 /* WeatherApp.app */ = {isa = PBXFileReference; explicitFileType = wrapper.application; includeInIndex = 0; path = WeatherApp.app; sourceTree = BUILT_PRODUCTS_DIR; };
		C60DA3D524E434C900DB3811 /* AppDelegate.swift */ = {isa = PBXFileReference; lastKnownFileType = sourcecode.swift; path = AppDelegate.swift; sourceTree = "<group>"; };
		C60DA3D724E434C900DB3811 /* SceneDelegate.swift */ = {isa = PBXFileReference; lastKnownFileType = sourcecode.swift; path = SceneDelegate.swift; sourceTree = "<group>"; };
		C60DA3D924E434C900DB3811 /* ContentView.swift */ = {isa = PBXFileReference; lastKnownFileType = sourcecode.swift; path = ContentView.swift; sourceTree = "<group>"; };
		C60DA3DB24E434CA00DB3811 /* Assets.xcassets */ = {isa = PBXFileReference; lastKnownFileType = folder.assetcatalog; path = Assets.xcassets; sourceTree = "<group>"; };
		C60DA3DE24E434CA00DB3811 /* Preview Assets.xcassets */ = {isa = PBXFileReference; lastKnownFileType = folder.assetcatalog; path = "Preview Assets.xcassets"; sourceTree = "<group>"; };
		C60DA3E124E434CA00DB3811 /* Base */ = {isa = PBXFileReference; lastKnownFileType = file.storyboard; name = Base; path = Base.lproj/LaunchScreen.storyboard; sourceTree = "<group>"; };
		C60DA3E324E434CA00DB3811 /* Info.plist */ = {isa = PBXFileReference; lastKnownFileType = text.plist.xml; path = Info.plist; sourceTree = "<group>"; };
		C60DA3EA24E4367100DB3811 /* WeatherModel.swift */ = {isa = PBXFileReference; lastKnownFileType = sourcecode.swift; path = WeatherModel.swift; sourceTree = "<group>"; };
		C60DA3EC24E436D800DB3811 /* WeatherViewModel.swift */ = {isa = PBXFileReference; lastKnownFileType = sourcecode.swift; path = WeatherViewModel.swift; sourceTree = "<group>"; };
		C60DA3EF24E4379400DB3811 /* WeatherService.swift */ = {isa = PBXFileReference; lastKnownFileType = sourcecode.swift; path = WeatherService.swift; sourceTree = "<group>"; };
		C60DA3F124E43C5900DB3811 /* WeatherView.swift */ = {isa = PBXFileReference; lastKnownFileType = sourcecode.swift; path = WeatherView.swift; sourceTree = "<group>"; };
/* End PBXFileReference section */

/* Begin PBXFrameworksBuildPhase section */
		C60DA3CF24E434C900DB3811 /* Frameworks */ = {
			isa = PBXFrameworksBuildPhase;
			buildActionMask = 2147483647;
			files = (
			);
			runOnlyForDeploymentPostprocessing = 0;
		};
/* End PBXFrameworksBuildPhase section */

/* Begin PBXGroup section */
		C60DA3C924E434C900DB3811 = {
			isa = PBXGroup;
			children = (
				C60DA3D424E434C900DB3811 /* WeatherApp */,
				C60DA3D324E434C900DB3811 /* Products */,
			);
			sourceTree = "<group>";
		};
		C60DA3D324E434C900DB3811 /* Products */ = {
			isa = PBXGroup;
			children = (
				C60DA3D224E434C900DB3811 /* WeatherApp.app */,
			);
			name = Products;
			sourceTree = "<group>";
		};
		C60DA3D424E434C900DB3811 /* WeatherApp */ = {
			isa = PBXGroup;
			children = (
				C60DA3EE24E4377F00DB3811 /* Service */,
				C60DA3E924E4366200DB3811 /* Weather */,
				C60DA3D524E434C900DB3811 /* AppDelegate.swift */,
				C60DA3D724E434C900DB3811 /* SceneDelegate.swift */,
				C60DA3D924E434C900DB3811 /* ContentView.swift */,
				C60DA3DB24E434CA00DB3811 /* Assets.xcassets */,
				C60DA3E024E434CA00DB3811 /* LaunchScreen.storyboard */,
				C60DA3E324E434CA00DB3811 /* Info.plist */,
				C60DA3DD24E434CA00DB3811 /* Preview Content */,
			);
			path = WeatherApp;
			sourceTree = "<group>";
		};
		C60DA3DD24E434CA00DB3811 /* Preview Content */ = {
			isa = PBXGroup;
			children = (
				C60DA3DE24E434CA00DB3811 /* Preview Assets.xcassets */,
			);
			path = "Preview Content";
			sourceTree = "<group>";
		};
		C60DA3E924E4366200DB3811 /* Weather */ = {
			isa = PBXGroup;
			children = (
				C60DA3EA24E4367100DB3811 /* WeatherModel.swift */,
				C60DA3EC24E436D800DB3811 /* WeatherViewModel.swift */,
				C60DA3F124E43C5900DB3811 /* WeatherView.swift */,
			);
			path = Weather;
			sourceTree = "<group>";
		};
		C60DA3EE24E4377F00DB3811 /* Service */ = {
			isa = PBXGroup;
			children = (
				C60DA3EF24E4379400DB3811 /* WeatherService.swift */,
			);
			path = Service;
			sourceTree = "<group>";
		};
/* End PBXGroup section */

/* Begin PBXNativeTarget section */
		C60DA3D124E434C900DB3811 /* WeatherApp */ = {
			isa = PBXNativeTarget;
			buildConfigurationList = C60DA3E624E434CA00DB3811 /* Build configuration list for PBXNativeTarget "WeatherApp" */;
			buildPhases = (
				C60DA3CE24E434C900DB3811 /* Sources */,
				C60DA3CF24E434C900DB3811 /* Frameworks */,
				C60DA3D024E434C900DB3811 /* Resources */,
			);
			buildRules = (
			);
			dependencies = (
			);
			name = WeatherApp;
			productName = WeatherApp;
			productReference = C60DA3D224E434C900DB3811 /* WeatherApp.app */;
			productType = "com.apple.product-type.application";
		};
/* End PBXNativeTarget section */

/* Begin PBXProject section */
		C60DA3CA24E434C900DB3811 /* Project object */ = {
			isa = PBXProject;
			attributes = {
				LastSwiftUpdateCheck = 1130;
				LastUpgradeCheck = 1130;
				ORGANIZATIONNAME = "Ratnesh Shukla";
				TargetAttributes = {
					C60DA3D124E434C900DB3811 = {
						CreatedOnToolsVersion = 11.3.1;
					};
				};
			};
			buildConfigurationList = C60DA3CD24E434C900DB3811 /* Build configuration list for PBXProject "WeatherApp" */;
			compatibilityVersion = "Xcode 9.3";
			developmentRegion = en;
			hasScannedForEncodings = 0;
			knownRegions = (
				en,
				Base,
			);
			mainGroup = C60DA3C924E434C900DB3811;
			productRefGroup = C60DA3D324E434C900DB3811 /* Products */;
			projectDirPath = "";
			projectRoot = "";
			targets = (
				C60DA3D124E434C900DB3811 /* WeatherApp */,
			);
		};
/* End PBXProject section */

/* Begin PBXResourcesBuildPhase section */
		C60DA3D024E434C900DB3811 /* Resources */ = {
			isa = PBXResourcesBuildPhase;
			buildActionMask = 2147483647;
			files = (
				C60DA3E224E434CA00DB3811 /* LaunchScreen.storyboard in Resources */,
				C60DA3DF24E434CA00DB3811 /* Preview Assets.xcassets in Resources */,
				C60DA3DC24E434CA00DB3811 /* Assets.xcassets in Resources */,
			);
			runOnlyForDeploymentPostprocessing = 0;
		};
/* End PBXResourcesBuildPhase section */

/* Begin PBXSourcesBuildPhase section */
		C60DA3CE24E434C900DB3811 /* Sources */ = {
			isa = PBXSourcesBuildPhase;
			buildActionMask = 2147483647;
			files = (
				C60DA3ED24E436D800DB3811 /* WeatherViewModel.swift in Sources */,
				C60DA3D624E434C900DB3811 /* AppDelegate.swift in Sources */,
				C60DA3D824E434C900DB3811 /* SceneDelegate.swift in Sources */,
				C60DA3EB24E4367100DB3811 /* WeatherModel.swift in Sources */,
				C60DA3F024E4379400DB3811 /* WeatherService.swift in Sources */,
				C60DA3F224E43C5900DB3811 /* WeatherView.swift in Sources */,
				C60DA3DA24E434C900DB3811 /* ContentView.swift in Sources */,
			);
			runOnlyForDeploymentPostprocessing = 0;
		};
/* End PBXSourcesBuildPhase section */

/* Begin PBXVariantGroup section */
		C60DA3E024E434CA00DB3811 /* LaunchScreen.storyboard */ = {
			isa = PBXVariantGroup;
			children = (
				C60DA3E124E434CA00DB3811 /* Base */,
			);
			name = LaunchScreen.storyboard;
			sourceTree = "<group>";
		};
/* End PBXVariantGroup section */

/* Begin XCBuildConfiguration section */
		C60DA3E424E434CA00DB3811 /* Debug */ = {
			isa = XCBuildConfiguration;
			buildSettings = {
				ALWAYS_SEARCH_USER_PATHS = NO;
				CLANG_ANALYZER_NONNULL = YES;
				CLANG_ANALYZER_NUMBER_OBJECT_CONVERSION = YES_AGGRESSIVE;
				CLANG_CXX_LANGUAGE_STANDARD = "gnu++14";
				CLANG_CXX_LIBRARY = "libc++";
				CLANG_ENABLE_MODULES = YES;
				CLANG_ENABLE_OBJC_ARC = YES;
				CLANG_ENABLE_OBJC_WEAK = YES;
				CLANG_WARN_BLOCK_CAPTURE_AUTORELEASING = YES;
				CLANG_WARN_BOOL_CONVERSION = YES;
				CLANG_WARN_COMMA = YES;
				CLANG_WARN_CONSTANT_CONVERSION = YES;
				CLANG_WARN_DEPRECATED_OBJC_IMPLEMENTATIONS = YES;
				CLANG_WARN_DIRECT_OBJC_ISA_USAGE = YES_ERROR;
				CLANG_WARN_DOCUMENTATION_COMMENTS = YES;
				CLANG_WARN_EMPTY_BODY = YES;
				CLANG_WARN_ENUM_CONVERSION = YES;
				CLANG_WARN_INFINITE_RECURSION = YES;
				CLANG_WARN_INT_CONVERSION = YES;
				CLANG_WARN_NON_LITERAL_NULL_CONVERSION = YES;
				CLANG_WARN_OBJC_IMPLICIT_RETAIN_SELF = YES;
				CLANG_WARN_OBJC_LITERAL_CONVERSION = YES;
				CLANG_WARN_OBJC_ROOT_CLASS = YES_ERROR;
				CLANG_WARN_RANGE_LOOP_ANALYSIS = YES;
				CLANG_WARN_STRICT_PROTOTYPES = YES;
				CLANG_WARN_SUSPICIOUS_MOVE = YES;
				CLANG_WARN_UNGUARDED_AVAILABILITY = YES_AGGRESSIVE;
				CLANG_WARN_UNREACHABLE_CODE = YES;
				CLANG_WARN__DUPLICATE_METHOD_MATCH = YES;
				COPY_PHASE_STRIP = NO;
				DEBUG_INFORMATION_FORMAT = dwarf;
				ENABLE_STRICT_OBJC_MSGSEND = YES;
				ENABLE_TESTABILITY = YES;
				GCC_C_LANGUAGE_STANDARD = gnu11;
				GCC_DYNAMIC_NO_PIC = NO;
				GCC_NO_COMMON_BLOCKS = YES;
				GCC_OPTIMIZATION_LEVEL = 0;
				GCC_PREPROCESSOR_DEFINITIONS = (
					"DEBUG=1",
					"$(inherited)",
				);
				GCC_WARN_64_TO_32_BIT_CONVERSION = YES;
				GCC_WARN_ABOUT_RETURN_TYPE = YES_ERROR;
				GCC_WARN_UNDECLARED_SELECTOR = YES;
				GCC_WARN_UNINITIALIZED_AUTOS = YES_AGGRESSIVE;
				GCC_WARN_UNUSED_FUNCTION = YES;
				GCC_WARN_UNUSED_VARIABLE = YES;
				IPHONEOS_DEPLOYMENT_TARGET = 13.2;
				MTL_ENABLE_DEBUG_INFO = INCLUDE_SOURCE;
				MTL_FAST_MATH = YES;
				ONLY_ACTIVE_ARCH = YES;
				SDKROOT = iphoneos;
				SWIFT_ACTIVE_COMPILATION_CONDITIONS = DEBUG;
				SWIFT_OPTIMIZATION_LEVEL = "-Onone";
			};
			name = Debug;
		};
		C60DA3E524E434CA00DB3811 /* Release */ = {
			isa = XCBuildConfiguration;
			buildSettings = {
				ALWAYS_SEARCH_USER_PATHS = NO;
				CLANG_ANALYZER_NONNULL = YES;
				CLANG_ANALYZER_NUMBER_OBJECT_CONVERSION = YES_AGGRESSIVE;
				CLANG_CXX_LANGUAGE_STANDARD = "gnu++14";
				CLANG_CXX_LIBRARY = "libc++";
				CLANG_ENABLE_MODULES = YES;
				CLANG_ENABLE_OBJC_ARC = YES;
				CLANG_ENABLE_OBJC_WEAK = YES;
				CLANG_WARN_BLOCK_CAPTURE_AUTORELEASING = YES;
				CLANG_WARN_BOOL_CONVERSION = YES;
				CLANG_WARN_COMMA = YES;
				CLANG_WARN_CONSTANT_CONVERSION = YES;
				CLANG_WARN_DEPRECATED_OBJC_IMPLEMENTATIONS = YES;
				CLANG_WARN_DIRECT_OBJC_ISA_USAGE = YES_ERROR;
				CLANG_WARN_DOCUMENTATION_COMMENTS = YES;
				CLANG_WARN_EMPTY_BODY = YES;
				CLANG_WARN_ENUM_CONVERSION = YES;
				CLANG_WARN_INFINITE_RECURSION = YES;
				CLANG_WARN_INT_CONVERSION = YES;
				CLANG_WARN_NON_LITERAL_NULL_CONVERSION = YES;
				CLANG_WARN_OBJC_IMPLICIT_RETAIN_SELF = YES;
				CLANG_WARN_OBJC_LITERAL_CONVERSION = YES;
				CLANG_WARN_OBJC_ROOT_CLASS = YES_ERROR;
				CLANG_WARN_RANGE_LOOP_ANALYSIS = YES;
				CLANG_WARN_STRICT_PROTOTYPES = YES;
				CLANG_WARN_SUSPICIOUS_MOVE = YES;
				CLANG_WARN_UNGUARDED_AVAILABILITY = YES_AGGRESSIVE;
				CLANG_WARN_UNREACHABLE_CODE = YES;
				CLANG_WARN__DUPLICATE_METHOD_MATCH = YES;
				COPY_PHASE_STRIP = NO;
				DEBUG_INFORMATION_FORMAT = "dwarf-with-dsym";
				ENABLE_NS_ASSERTIONS = NO;
				ENABLE_STRICT_OBJC_MSGSEND = YES;
				GCC_C_LANGUAGE_STANDARD = gnu11;
				GCC_NO_COMMON_BLOCKS = YES;
				GCC_WARN_64_TO_32_BIT_CONVERSION = YES;
				GCC_WARN_ABOUT_RETURN_TYPE = YES_ERROR;
				GCC_WARN_UNDECLARED_SELECTOR = YES;
				GCC_WARN_UNINITIALIZED_AUTOS = YES_AGGRESSIVE;
				GCC_WARN_UNUSED_FUNCTION = YES;
				GCC_WARN_UNUSED_VARIABLE = YES;
				IPHONEOS_DEPLOYMENT_TARGET = 13.2;
				MTL_ENABLE_DEBUG_INFO = NO;
				MTL_FAST_MATH = YES;
				SDKROOT = iphoneos;
				SWIFT_COMPILATION_MODE = wholemodule;
				SWIFT_OPTIMIZATION_LEVEL = "-O";
				VALIDATE_PRODUCT = YES;
			};
			name = Release;
		};
		C60DA3E724E434CA00DB3811 /* Debug */ = {
			isa = XCBuildConfiguration;
			buildSettings = {
				ASSETCATALOG_COMPILER_APPICON_NAME = AppIcon;
				CODE_SIGN_STYLE = Automatic;
				DEVELOPMENT_ASSET_PATHS = "\"WeatherApp/Preview Content\"";
				ENABLE_PREVIEWS = YES;
				INFOPLIST_FILE = WeatherApp/Info.plist;
				LD_RUNPATH_SEARCH_PATHS = (
					"$(inherited)",
					"@executable_path/Frameworks",
				);
				PRODUCT_BUNDLE_IDENTIFIER = com.test.WeatherApp;
				PRODUCT_NAME = "$(TARGET_NAME)";
				SWIFT_VERSION = 5.0;
				TARGETED_DEVICE_FAMILY = "1,2";
			};
			name = Debug;
		};
		C60DA3E824E434CA00DB3811 /* Release */ = {
			isa = XCBuildConfiguration;
			buildSettings = {
				ASSETCATALOG_COMPILER_APPICON_NAME = AppIcon;
				CODE_SIGN_STYLE = Automatic;
				DEVELOPMENT_ASSET_PATHS = "\"WeatherApp/Preview Content\"";
				ENABLE_PREVIEWS = YES;
				INFOPLIST_FILE = WeatherApp/Info.plist;
				LD_RUNPATH_SEARCH_PATHS = (
					"$(inherited)",
					"@executable_path/Frameworks",
				);
				PRODUCT_BUNDLE_IDENTIFIER = com.test.WeatherApp;
				PRODUCT_NAME = "$(TARGET_NAME)";
				SWIFT_VERSION = 5.0;
				TARGETED_DEVICE_FAMILY = "1,2";
			};
			name = Release;
		};
/* End XCBuildConfiguration section */

/* Begin XCConfigurationList section */
		C60DA3CD24E434C900DB3811 /* Build configuration list for PBXProject "WeatherApp" */ = {
			isa = XCConfigurationList;
			buildConfigurations = (
				C60DA3E424E434CA00DB3811 /* Debug */,
				C60DA3E524E434CA00DB3811 /* Release */,
			);
			defaultConfigurationIsVisible = 0;
			defaultConfigurationName = Release;
		};
		C60DA3E624E434CA00DB3811 /* Build configuration list for PBXNativeTarget "WeatherApp" */ = {
			isa = XCConfigurationList;
			buildConfigurations = (
				C60DA3E724E434CA00DB3811 /* Debug */,
				C60DA3E824E434CA00DB3811 /* Release */,
			);
			defaultConfigurationIsVisible = 0;
			defaultConfigurationName = Release;
		};
/* End XCConfigurationList section */
	};
	rootObject = C60DA3CA24E434C900DB3811 /* Project object */;
}
